{
  "nodes": {
    "nixpkgs": {
      "locked": {
        "lastModified": 1791482688,
        "narHash": "sha256-PLxpkuHuefv5rPdaFQ6WueOZvN3aAzlLj9CBuE0GIm4=",
        "owner": "NixOS",
        "repo": "nixpkgs",
        "rev": "73a6dd337b8e0a9f299b6fb5e1fea5f0f63fd661",
        "type": "github"
      },
      "original": {
        "owner": "NixOS",
        "ref": "master",
        "repo": "nixpkgs",
        "type": "github"
      }
    },
    "root": {
      "inputs": {
        "nixpkgs": "nixpkgs"
      }
    }
  },
  "root": "root",
  "version": 7
}
